
Microsoft Visual Studio Solution File, Format Version 12.00
# Visual Studio Version 17
VisualStudioVersion = 17.3.32929.385
MinimumVisualStudioVersion = 10.0.40219.1
Project("{FAE04EC0-301F-11D3-BF4B-00C04F79EFBC}") = "Task2", "Task2.csproj", "{0EF14B81-C570-44FE-8DBF-2563C8E66E2D}"
EndProject
Global
	GlobalSection(SolutionConfigurationPlatforms) = preSolution
		Debug|Any CPU = Debug|Any CPU
		Release|Any CPU = Release|Any CPU
	EndGlobalSection
	GlobalSection(ProjectConfigurationPlatforms) = postSolution
		{0EF14B81-C570-44FE-8DBF-2563C8E66E2D}.Debug|Any CPU.ActiveCfg = Debug|Any CPU
		{0EF14B81-C570-44FE-8DBF-2563C8E66E2D}.Debug|Any CPU.Build.0 = Debug|Any CPU
		{0EF14B81-C570-44FE-8DBF-2563C8E66E2D}.Release|Any CPU.ActiveCfg = Release|Any CPU
		{0EF14B81-C570-44FE-8DBF-2563C8E66E2D}.Release|Any CPU.Build.0 = Release|Any CPU
	EndGlobalSection
	GlobalSection(SolutionProperties) = preSolution
		HideSolutionNode = FALSE
	EndGlobalSection
	GlobalSection(ExtensibilityGlobals) = postSolution
		SolutionGuid = {32FCC8A1-6E3C-4D17-B406-605F466BC6BD}
	EndGlobalSection
EndGlobal
